
Microsoft Visual Studio Solution File, Format Version 12.00
# Visual Studio Version 17
VisualStudioVersion = 17.7.34221.43
MinimumVisualStudioVersion = 10.0.40219.1
Project("{FAE04EC0-301F-11D3-BF4B-00C04F79EFBC}") = "LifeLine", "LifeLine\LifeLine.csproj", "{9AC15379-2E7E-40E9-8DE2-27E32D58B8AE}"
EndProject
Global
	GlobalSection(SolutionConfigurationPlatforms) = preSolution
		Debug|Any CPU = Debug|Any CPU
		Release|Any CPU = Release|Any CPU
	EndGlobalSection
	GlobalSection(ProjectConfigurationPlatforms) = postSolution
		{9AC15379-2E7E-40E9-8DE2-27E32D58B8AE}.Debug|Any CPU.ActiveCfg = Debug|Any CPU
		{9AC15379-2E7E-40E9-8DE2-27E32D58B8AE}.Debug|Any CPU.Build.0 = Debug|Any CPU
		{9AC15379-2E7E-40E9-8DE2-27E32D58B8AE}.Release|Any CPU.ActiveCfg = Release|Any CPU
		{9AC15379-2E7E-40E9-8DE2-27E32D58B8AE}.Release|Any CPU.Build.0 = Release|Any CPU
	EndGlobalSection
	GlobalSection(SolutionProperties) = preSolution
		HideSolutionNode = FALSE
	EndGlobalSection
	GlobalSection(ExtensibilityGlobals) = postSolution
		SolutionGuid = {065CA825-3C3E-47AC-9DE8-07E8DB18BDA9}
	EndGlobalSection
EndGlobal
