
Microsoft Visual Studio Solution File, Format Version 12.00
# Visual Studio Version 17
VisualStudioVersion = 17.7.34221.43
MinimumVisualStudioVersion = 10.0.40219.1
Project("{FAE04EC0-301F-11D3-BF4B-00C04F79EFBC}") = "LifeLineBackend", "LifeLineBackend\LifeLineBackend.csproj", "{415535F5-2B74-4A24-B9E9-E34E7546120C}"
EndProject
Project("{FAE04EC0-301F-11D3-BF4B-00C04F79EFBC}") = "ViewDB", "ViewDB\ViewDB.csproj", "{F71F5185-0B33-45BF-B795-DD509B4DFD96}"
EndProject
Project("{FAE04EC0-301F-11D3-BF4B-00C04F79EFBC}") = "Model", "Model\Model.csproj", "{64A5D27D-67E4-4CC6-AAF4-398AED10EEF7}"
EndProject
Project("{FAE04EC0-301F-11D3-BF4B-00C04F79EFBC}") = "BusinessLogic", "BusinessLogic\BusinessLogic.csproj", "{5433A967-9029-4DAA-9073-8ECF21341610}"
EndProject
Global
	GlobalSection(SolutionConfigurationPlatforms) = preSolution
		Debug|Any CPU = Debug|Any CPU
		Release|Any CPU = Release|Any CPU
	EndGlobalSection
	GlobalSection(ProjectConfigurationPlatforms) = postSolution
		{415535F5-2B74-4A24-B9E9-E34E7546120C}.Debug|Any CPU.ActiveCfg = Debug|Any CPU
		{415535F5-2B74-4A24-B9E9-E34E7546120C}.Debug|Any CPU.Build.0 = Debug|Any CPU
		{415535F5-2B74-4A24-B9E9-E34E7546120C}.Release|Any CPU.ActiveCfg = Release|Any CPU
		{415535F5-2B74-4A24-B9E9-E34E7546120C}.Release|Any CPU.Build.0 = Release|Any CPU
		{F71F5185-0B33-45BF-B795-DD509B4DFD96}.Debug|Any CPU.ActiveCfg = Debug|Any CPU
		{F71F5185-0B33-45BF-B795-DD509B4DFD96}.Debug|Any CPU.Build.0 = Debug|Any CPU
		{F71F5185-0B33-45BF-B795-DD509B4DFD96}.Release|Any CPU.ActiveCfg = Release|Any CPU
		{F71F5185-0B33-45BF-B795-DD509B4DFD96}.Release|Any CPU.Build.0 = Release|Any CPU
		{64A5D27D-67E4-4CC6-AAF4-398AED10EEF7}.Debug|Any CPU.ActiveCfg = Debug|Any CPU
		{64A5D27D-67E4-4CC6-AAF4-398AED10EEF7}.Debug|Any CPU.Build.0 = Debug|Any CPU
		{64A5D27D-67E4-4CC6-AAF4-398AED10EEF7}.Release|Any CPU.ActiveCfg = Release|Any CPU
		{64A5D27D-67E4-4CC6-AAF4-398AED10EEF7}.Release|Any CPU.Build.0 = Release|Any CPU
		{5433A967-9029-4DAA-9073-8ECF21341610}.Debug|Any CPU.ActiveCfg = Debug|Any CPU
		{5433A967-9029-4DAA-9073-8ECF21341610}.Debug|Any CPU.Build.0 = Debug|Any CPU
		{5433A967-9029-4DAA-9073-8ECF21341610}.Release|Any CPU.ActiveCfg = Release|Any CPU
		{5433A967-9029-4DAA-9073-8ECF21341610}.Release|Any CPU.Build.0 = Release|Any CPU
	EndGlobalSection
	GlobalSection(SolutionProperties) = preSolution
		HideSolutionNode = FALSE
	EndGlobalSection
	GlobalSection(ExtensibilityGlobals) = postSolution
		SolutionGuid = {3D392D2A-68D2-4AF9-BABB-FE272E7726B8}
	EndGlobalSection
EndGlobal
